
Microsoft Visual Studio Solution File, Format Version 12.00
# Visual Studio Version 17
VisualStudioVersion = 17.2.32630.192
MinimumVisualStudioVersion = 10.0.40219.1
Project("{9A19103F-16F7-4668-BE54-9A1E7A4F7556}") = "newFolder", "newFolder.csproj", "{A11057BC-77B9-4262-A6C4-8AF55D55ECEC}"
EndProject
Global
	GlobalSection(SolutionConfigurationPlatforms) = preSolution
		Debug|Any CPU = Debug|Any CPU
		Release|Any CPU = Release|Any CPU
	EndGlobalSection
	GlobalSection(ProjectConfigurationPlatforms) = postSolution
		{A11057BC-77B9-4262-A6C4-8AF55D55ECEC}.Debug|Any CPU.ActiveCfg = Debug|Any CPU
		{A11057BC-77B9-4262-A6C4-8AF55D55ECEC}.Debug|Any CPU.Build.0 = Debug|Any CPU
		{A11057BC-77B9-4262-A6C4-8AF55D55ECEC}.Release|Any CPU.ActiveCfg = Release|Any CPU
		{A11057BC-77B9-4262-A6C4-8AF55D55ECEC}.Release|Any CPU.Build.0 = Release|Any CPU
	EndGlobalSection
	GlobalSection(SolutionProperties) = preSolution
		HideSolutionNode = FALSE
	EndGlobalSection
	GlobalSection(ExtensibilityGlobals) = postSolution
		SolutionGuid = {55A3AFDA-E7E6-4ADA-8EA4-C3ECE7247A54}
	EndGlobalSection
EndGlobal
